// !$*UTF8*$!
{
	archiveVersion = 1;
	classes = {
	};
	objectVersion = 54;
	objects = {

/* Begin PBXBuildFile section */
		0D5360C127EACFB8006E7100 /* Commandant in Frameworks */ = {isa = PBXBuildFile; productRef = 0D5360C027EACFB8006E7100 /* Commandant */; };
		0D5360C427EAD01C006E7100 /* PathKit in Frameworks */ = {isa = PBXBuildFile; productRef = 0D5360C327EAD01C006E7100 /* PathKit */; };
		0D5360C727EAD09F006E7100 /* SQLite in Frameworks */ = {isa = PBXBuildFile; productRef = 0D5360C627EAD09F006E7100 /* SQLite */; };
		0D5360CA27EADC02006E7100 /* Result in Frameworks */ = {isa = PBXBuildFile; productRef = 0D5360C927EADC02006E7100 /* Result */; };
		1A2551501CACFBEA00889001 /* VersionCommand.swift in Sources */ = {isa = PBXBuildFile; fileRef = 1A25514F1CACFBEA00889001 /* VersionCommand.swift */; };
		1A2551531CAD01E900889001 /* HashCommand.swift in Sources */ = {isa = PBXBuildFile; fileRef = 1A2551521CAD01E900889001 /* HashCommand.swift */; };
		1A2551551CAD03EB00889001 /* RemoveCommand.swift in Sources */ = {isa = PBXBuildFile; fileRef = 1A2551541CAD03EB00889001 /* RemoveCommand.swift */; };
		1A2551571CAD049400889001 /* ReindexCommand.swift in Sources */ = {isa = PBXBuildFile; fileRef = 1A2551561CAD049400889001 /* ReindexCommand.swift */; };
		1A2551591CAD072C00889001 /* ListCommand.swift in Sources */ = {isa = PBXBuildFile; fileRef = 1A2551581CAD072C00889001 /* ListCommand.swift */; };
		1A25515B1CAD0D5C00889001 /* SummaryCommand.swift in Sources */ = {isa = PBXBuildFile; fileRef = 1A25515A1CAD0D5C00889001 /* SummaryCommand.swift */; };
		1A2551611CAD220700889001 /* generated_data.swift in Sources */ = {isa = PBXBuildFile; fileRef = 1A2551601CAD220700889001 /* generated_data.swift */; };
		1A2551631CAD240800889001 /* TemporaryFile.swift in Sources */ = {isa = PBXBuildFile; fileRef = 1A2551621CAD240800889001 /* TemporaryFile.swift */; };
		1A2551651CAD2A9C00889001 /* InteractiveCommand.swift in Sources */ = {isa = PBXBuildFile; fileRef = 1A2551641CAD2A9C00889001 /* InteractiveCommand.swift */; };
		1A423F0D1CAF339400AF4D3B /* RemountCommand.swift in Sources */ = {isa = PBXBuildFile; fileRef = 1A423F0C1CAF339400AF4D3B /* RemountCommand.swift */; };
		1A423F111CAFA7E300AF4D3B /* ExecCommand.swift in Sources */ = {isa = PBXBuildFile; fileRef = 1A423F101CAFA7E300AF4D3B /* ExecCommand.swift */; };
		1A423F141CB0840900AF4D3B /* RunCommand.swift in Sources */ = {isa = PBXBuildFile; fileRef = 1A423F131CB0840900AF4D3B /* RunCommand.swift */; };
		1A423F161CB0941400AF4D3B /* Options.swift in Sources */ = {isa = PBXBuildFile; fileRef = 1A423F151CB0941400AF4D3B /* Options.swift */; };
		1A423F181CB09E7900AF4D3B /* Result+Try.swift in Sources */ = {isa = PBXBuildFile; fileRef = 1A423F171CB09E7900AF4D3B /* Result+Try.swift */; };
		1A423F1A1CB23BB700AF4D3B /* TerminalFuncs.swift in Sources */ = {isa = PBXBuildFile; fileRef = 1A423F191CB23BB700AF4D3B /* TerminalFuncs.swift */; };
		1A452D971CA88431009E3F08 /* DupesDatabase+Operations.swift in Sources */ = {isa = PBXBuildFile; fileRef = 1A452D961CA88431009E3F08 /* DupesDatabase+Operations.swift */; };
		1A452D991CA8A636009E3F08 /* FileSize.swift in Sources */ = {isa = PBXBuildFile; fileRef = 1A452D981CA8A636009E3F08 /* FileSize.swift */; };
		1A4EA56A1CAA528A006DC98D /* Readline+Sequence.swift in Sources */ = {isa = PBXBuildFile; fileRef = 1A4EA5691CAA528A006DC98D /* Readline+Sequence.swift */; };
		1A4EA56E1CAA738F006DC98D /* AddCommand.swift in Sources */ = {isa = PBXBuildFile; fileRef = 1A4EA56D1CAA738F006DC98D /* AddCommand.swift */; };
		1A4EA57A1CAAE8F2006DC98D /* DupesError.swift in Sources */ = {isa = PBXBuildFile; fileRef = 1A4EA5791CAAE8F2006DC98D /* DupesError.swift */; };
		1A692E1A1CA4C18B00D2D19F /* main.swift in Sources */ = {isa = PBXBuildFile; fileRef = 1A692E191CA4C18B00D2D19F /* main.swift */; };
		1A692E211CA4C19B00D2D19F /* FileRecord.swift in Sources */ = {isa = PBXBuildFile; fileRef = 1A692E201CA4C19B00D2D19F /* FileRecord.swift */; };
		1A692E241CA4DF9600D2D19F /* libsqlite3.tbd in Frameworks */ = {isa = PBXBuildFile; fileRef = 1A692E231CA4DF9600D2D19F /* libsqlite3.tbd */; };
		1A692E5D1CA4E7B800D2D19F /* DupesDatabase.swift in Sources */ = {isa = PBXBuildFile; fileRef = 1A692E5C1CA4E7B800D2D19F /* DupesDatabase.swift */; };
		1A6DEA4C1CA50DF3007F9FC2 /* Sequence+GroupBy.swift in Sources */ = {isa = PBXBuildFile; fileRef = 1A6DEA4B1CA50DF3007F9FC2 /* Sequence+GroupBy.swift */; };
		1A6DEA511CA52C61007F9FC2 /* Data+Hex.swift in Sources */ = {isa = PBXBuildFile; fileRef = 1A6DEA501CA52C61007F9FC2 /* Data+Hex.swift */; };
		1ABE01131CAEE12B00FCA10A /* ForkExecTask.m in Sources */ = {isa = PBXBuildFile; fileRef = 1ABE01121CAEE12B00FCA10A /* ForkExecTask.m */; };
/* End PBXBuildFile section */

/* Begin PBXCopyFilesBuildPhase section */
		1A692E141CA4C18B00D2D19F /* CopyFiles */ = {
			isa = PBXCopyFilesBuildPhase;
			buildActionMask = 2147483647;
			dstPath = /usr/share/man/man1/;
			dstSubfolderSpec = 0;
			files = (
			);
			runOnlyForDeploymentPostprocessing = 1;
		};
/* End PBXCopyFilesBuildPhase section */

/* Begin PBXFileReference section */
		1A25514F1CACFBEA00889001 /* VersionCommand.swift */ = {isa = PBXFileReference; fileEncoding = 4; lastKnownFileType = sourcecode.swift; path = VersionCommand.swift; sourceTree = "<group>"; };
		1A2551521CAD01E900889001 /* HashCommand.swift */ = {isa = PBXFileReference; fileEncoding = 4; lastKnownFileType = sourcecode.swift; path = HashCommand.swift; sourceTree = "<group>"; };
		1A2551541CAD03EB00889001 /* RemoveCommand.swift */ = {isa = PBXFileReference; fileEncoding = 4; lastKnownFileType = sourcecode.swift; path = RemoveCommand.swift; sourceTree = "<group>"; };
		1A2551561CAD049400889001 /* ReindexCommand.swift */ = {isa = PBXFileReference; fileEncoding = 4; lastKnownFileType = sourcecode.swift; path = ReindexCommand.swift; sourceTree = "<group>"; };
		1A2551581CAD072C00889001 /* ListCommand.swift */ = {isa = PBXFileReference; fileEncoding = 4; lastKnownFileType = sourcecode.swift; path = ListCommand.swift; sourceTree = "<group>"; };
		1A25515A1CAD0D5C00889001 /* SummaryCommand.swift */ = {isa = PBXFileReference; fileEncoding = 4; lastKnownFileType = sourcecode.swift; path = SummaryCommand.swift; sourceTree = "<group>"; };
		1A25515D1CAD0F5800889001 /* dupes.interactive.txt */ = {isa = PBXFileReference; lastKnownFileType = text; path = dupes.interactive.txt; sourceTree = "<group>"; };
		1A25515E1CAD0F5800889001 /* dupes.vimrc */ = {isa = PBXFileReference; lastKnownFileType = text; path = dupes.vimrc; sourceTree = "<group>"; };
		1A2551601CAD220700889001 /* generated_data.swift */ = {isa = PBXFileReference; fileEncoding = 4; lastKnownFileType = sourcecode.swift; path = generated_data.swift; sourceTree = "<group>"; };
		1A2551621CAD240800889001 /* TemporaryFile.swift */ = {isa = PBXFileReference; fileEncoding = 4; lastKnownFileType = sourcecode.swift; path = TemporaryFile.swift; sourceTree = "<group>"; };
		1A2551641CAD2A9C00889001 /* InteractiveCommand.swift */ = {isa = PBXFileReference; fileEncoding = 4; lastKnownFileType = sourcecode.swift; path = InteractiveCommand.swift; sourceTree = "<group>"; };
		1A423F0C1CAF339400AF4D3B /* RemountCommand.swift */ = {isa = PBXFileReference; fileEncoding = 4; lastKnownFileType = sourcecode.swift; path = RemountCommand.swift; sourceTree = "<group>"; };
		1A423F101CAFA7E300AF4D3B /* ExecCommand.swift */ = {isa = PBXFileReference; fileEncoding = 4; lastKnownFileType = sourcecode.swift; path = ExecCommand.swift; sourceTree = "<group>"; };
		1A423F131CB0840900AF4D3B /* RunCommand.swift */ = {isa = PBXFileReference; fileEncoding = 4; lastKnownFileType = sourcecode.swift; path = RunCommand.swift; sourceTree = "<group>"; };
		1A423F151CB0941400AF4D3B /* Options.swift */ = {isa = PBXFileReference; fileEncoding = 4; lastKnownFileType = sourcecode.swift; path = Options.swift; sourceTree = "<group>"; };
		1A423F171CB09E7900AF4D3B /* Result+Try.swift */ = {isa = PBXFileReference; fileEncoding = 4; lastKnownFileType = sourcecode.swift; path = "Result+Try.swift"; sourceTree = "<group>"; };
		1A423F191CB23BB700AF4D3B /* TerminalFuncs.swift */ = {isa = PBXFileReference; fileEncoding = 4; lastKnownFileType = sourcecode.swift; path = TerminalFuncs.swift; sourceTree = "<group>"; };
		1A452D961CA88431009E3F08 /* DupesDatabase+Operations.swift */ = {isa = PBXFileReference; fileEncoding = 4; lastKnownFileType = sourcecode.swift; path = "DupesDatabase+Operations.swift"; sourceTree = "<group>"; };
		1A452D981CA8A636009E3F08 /* FileSize.swift */ = {isa = PBXFileReference; fileEncoding = 4; lastKnownFileType = sourcecode.swift; path = FileSize.swift; sourceTree = "<group>"; };
		1A4EA5691CAA528A006DC98D /* Readline+Sequence.swift */ = {isa = PBXFileReference; fileEncoding = 4; lastKnownFileType = sourcecode.swift; path = "Readline+Sequence.swift"; sourceTree = "<group>"; };
		1A4EA56D1CAA738F006DC98D /* AddCommand.swift */ = {isa = PBXFileReference; fileEncoding = 4; lastKnownFileType = sourcecode.swift; path = AddCommand.swift; sourceTree = "<group>"; };
		1A4EA5791CAAE8F2006DC98D /* DupesError.swift */ = {isa = PBXFileReference; fileEncoding = 4; lastKnownFileType = sourcecode.swift; path = DupesError.swift; sourceTree = "<group>"; };
		1A692E161CA4C18B00D2D19F /* dupes */ = {isa = PBXFileReference; explicitFileType = "compiled.mach-o.executable"; includeInIndex = 0; path = dupes; sourceTree = BUILT_PRODUCTS_DIR; };
		1A692E191CA4C18B00D2D19F /* main.swift */ = {isa = PBXFileReference; lastKnownFileType = sourcecode.swift; path = main.swift; sourceTree = "<group>"; };
		1A692E201CA4C19B00D2D19F /* FileRecord.swift */ = {isa = PBXFileReference; fileEncoding = 4; lastKnownFileType = sourcecode.swift; path = FileRecord.swift; sourceTree = "<group>"; };
		1A692E221CA4DEBA00D2D19F /* Dupes-Bridging-Header.h */ = {isa = PBXFileReference; lastKnownFileType = sourcecode.c.h; path = "Dupes-Bridging-Header.h"; sourceTree = "<group>"; };
		1A692E231CA4DF9600D2D19F /* libsqlite3.tbd */ = {isa = PBXFileReference; lastKnownFileType = "sourcecode.text-based-dylib-definition"; name = libsqlite3.tbd; path = usr/lib/libsqlite3.tbd; sourceTree = SDKROOT; };
		1A692E5C1CA4E7B800D2D19F /* DupesDatabase.swift */ = {isa = PBXFileReference; fileEncoding = 4; lastKnownFileType = sourcecode.swift; path = DupesDatabase.swift; sourceTree = "<group>"; };
		1A6DEA4B1CA50DF3007F9FC2 /* Sequence+GroupBy.swift */ = {isa = PBXFileReference; fileEncoding = 4; lastKnownFileType = sourcecode.swift; path = "Sequence+GroupBy.swift"; sourceTree = "<group>"; };
		1A6DEA501CA52C61007F9FC2 /* Data+Hex.swift */ = {isa = PBXFileReference; fileEncoding = 4; lastKnownFileType = sourcecode.swift; path = "Data+Hex.swift"; sourceTree = "<group>"; };
		1ABE01111CAEE12B00FCA10A /* ForkExecTask.h */ = {isa = PBXFileReference; fileEncoding = 4; lastKnownFileType = sourcecode.c.h; path = ForkExecTask.h; sourceTree = "<group>"; };
		1ABE01121CAEE12B00FCA10A /* ForkExecTask.m */ = {isa = PBXFileReference; fileEncoding = 4; lastKnownFileType = sourcecode.c.objc; path = ForkExecTask.m; sourceTree = "<group>"; };
/* End PBXFileReference section */

/* Begin PBXFrameworksBuildPhase section */
		1A692E131CA4C18B00D2D19F /* Frameworks */ = {
			isa = PBXFrameworksBuildPhase;
			buildActionMask = 2147483647;
			files = (
				0D5360CA27EADC02006E7100 /* Result in Frameworks */,
				0D5360C727EAD09F006E7100 /* SQLite in Frameworks */,
				0D5360C427EAD01C006E7100 /* PathKit in Frameworks */,
				0D5360C127EACFB8006E7100 /* Commandant in Frameworks */,
				1A692E241CA4DF9600D2D19F /* libsqlite3.tbd in Frameworks */,
			);
			runOnlyForDeploymentPostprocessing = 0;
		};
/* End PBXFrameworksBuildPhase section */

/* Begin PBXGroup section */
		1A25515C1CAD0F5800889001 /* data */ = {
			isa = PBXGroup;
			children = (
				1A25515D1CAD0F5800889001 /* dupes.interactive.txt */,
				1A25515E1CAD0F5800889001 /* dupes.vimrc */,
			);
			path = data;
			sourceTree = "<group>";
		};
		1A4EA56B1CAA7365006DC98D /* Commands */ = {
			isa = PBXGroup;
			children = (
				1A423F151CB0941400AF4D3B /* Options.swift */,
				1A4EA56D1CAA738F006DC98D /* AddCommand.swift */,
				1A423F101CAFA7E300AF4D3B /* ExecCommand.swift */,
				1A2551521CAD01E900889001 /* HashCommand.swift */,
				1A2551581CAD072C00889001 /* ListCommand.swift */,
				1A2551561CAD049400889001 /* ReindexCommand.swift */,
				1A423F0C1CAF339400AF4D3B /* RemountCommand.swift */,
				1A2551541CAD03EB00889001 /* RemoveCommand.swift */,
				1A423F131CB0840900AF4D3B /* RunCommand.swift */,
				1A25515A1CAD0D5C00889001 /* SummaryCommand.swift */,
				1A25514F1CACFBEA00889001 /* VersionCommand.swift */,
				1A2551641CAD2A9C00889001 /* InteractiveCommand.swift */,
			);
			name = Commands;
			sourceTree = "<group>";
		};
		1A692E0D1CA4C18B00D2D19F = {
			isa = PBXGroup;
			children = (
				1A692E231CA4DF9600D2D19F /* libsqlite3.tbd */,
				1A692E181CA4C18B00D2D19F /* dupes */,
				1A25515C1CAD0F5800889001 /* data */,
				1A692E171CA4C18B00D2D19F /* Products */,
			);
			sourceTree = "<group>";
		};
		1A692E171CA4C18B00D2D19F /* Products */ = {
			isa = PBXGroup;
			children = (
				1A692E161CA4C18B00D2D19F /* dupes */,
			);
			name = Products;
			sourceTree = "<group>";
		};
		1A692E181CA4C18B00D2D19F /* dupes */ = {
			isa = PBXGroup;
			children = (
				1A4EA56B1CAA7365006DC98D /* Commands */,
				1ABE01101CAEE10300FCA10A /* Exec */,
				1A692E221CA4DEBA00D2D19F /* Dupes-Bridging-Header.h */,
				1A692E191CA4C18B00D2D19F /* main.swift */,
				1A692E201CA4C19B00D2D19F /* FileRecord.swift */,
				1A692E5C1CA4E7B800D2D19F /* DupesDatabase.swift */,
				1A6DEA4B1CA50DF3007F9FC2 /* Sequence+GroupBy.swift */,
				1A6DEA501CA52C61007F9FC2 /* Data+Hex.swift */,
				1A452D961CA88431009E3F08 /* DupesDatabase+Operations.swift */,
				1A452D981CA8A636009E3F08 /* FileSize.swift */,
				1A4EA5691CAA528A006DC98D /* Readline+Sequence.swift */,
				1A4EA5791CAAE8F2006DC98D /* DupesError.swift */,
				1A2551601CAD220700889001 /* generated_data.swift */,
				1A2551621CAD240800889001 /* TemporaryFile.swift */,
				1A423F171CB09E7900AF4D3B /* Result+Try.swift */,
				1A423F191CB23BB700AF4D3B /* TerminalFuncs.swift */,
			);
			path = dupes;
			sourceTree = "<group>";
		};
		1ABE01101CAEE10300FCA10A /* Exec */ = {
			isa = PBXGroup;
			children = (
				1ABE01111CAEE12B00FCA10A /* ForkExecTask.h */,
				1ABE01121CAEE12B00FCA10A /* ForkExecTask.m */,
			);
			name = Exec;
			sourceTree = "<group>";
		};
/* End PBXGroup section */

/* Begin PBXNativeTarget section */
		1A692E151CA4C18B00D2D19F /* dupes */ = {
			isa = PBXNativeTarget;
			buildConfigurationList = 1A692E1D1CA4C18B00D2D19F /* Build configuration list for PBXNativeTarget "dupes" */;
			buildPhases = (
				1A25515F1CAD187700889001 /* Generate strings from data files */,
				1A692E121CA4C18B00D2D19F /* Sources */,
				1A692E131CA4C18B00D2D19F /* Frameworks */,
				1A692E141CA4C18B00D2D19F /* CopyFiles */,
			);
			buildRules = (
			);
			dependencies = (
			);
			name = dupes;
			packageProductDependencies = (
				0D5360C027EACFB8006E7100 /* Commandant */,
				0D5360C327EAD01C006E7100 /* PathKit */,
				0D5360C627EAD09F006E7100 /* SQLite */,
				0D5360C927EADC02006E7100 /* Result */,
			);
			productName = dupes;
			productReference = 1A692E161CA4C18B00D2D19F /* dupes */;
			productType = "com.apple.product-type.tool";
		};
/* End PBXNativeTarget section */

/* Begin PBXProject section */
		1A692E0E1CA4C18B00D2D19F /* Project object */ = {
			isa = PBXProject;
			attributes = {
				BuildIndependentTargetsInParallel = YES;
				LastSwiftUpdateCheck = 0730;
				LastUpgradeCheck = 1630;
				ORGANIZATIONNAME = "James Lawton";
				TargetAttributes = {
					1A692E151CA4C18B00D2D19F = {
						CreatedOnToolsVersion = 7.3;
					};
				};
			};
			buildConfigurationList = 1A692E111CA4C18B00D2D19F /* Build configuration list for PBXProject "dupes" */;
			compatibilityVersion = "Xcode 3.2";
			developmentRegion = en;
			hasScannedForEncodings = 0;
			knownRegions = (
				en,
				Base,
			);
			mainGroup = 1A692E0D1CA4C18B00D2D19F;
			packageReferences = (
				0D5360BF27EACFB8006E7100 /* XCRemoteSwiftPackageReference "Commandant" */,
				0D5360C227EAD01C006E7100 /* XCRemoteSwiftPackageReference "PathKit" */,
				0D5360C527EAD09F006E7100 /* XCRemoteSwiftPackageReference "SQLite.swift" */,
				0D5360C827EADC02006E7100 /* XCRemoteSwiftPackageReference "Result" */,
			);
			productRefGroup = 1A692E171CA4C18B00D2D19F /* Products */;
			projectDirPath = "";
			projectRoot = "";
			targets = (
				1A692E151CA4C18B00D2D19F /* dupes */,
			);
		};
/* End PBXProject section */

/* Begin PBXShellScriptBuildPhase section */
		1A25515F1CAD187700889001 /* Generate strings from data files */ = {
			isa = PBXShellScriptBuildPhase;
			buildActionMask = 2147483647;
			files = (
			);
			inputPaths = (
				"$(SRCROOT)/data/dupes.interactive.txt",
				"$(SRCROOT)/data/dupes.vimrc",
			);
			name = "Generate strings from data files";
			outputPaths = (
				"$(SRCROOT)/dupes/generated_data.swift",
			);
			runOnlyForDeploymentPostprocessing = 0;
			shellPath = script/generate_data_string.pl;
			shellScript = "
";
		};
/* End PBXShellScriptBuildPhase section */

/* Begin PBXSourcesBuildPhase section */
		1A692E121CA4C18B00D2D19F /* Sources */ = {
			isa = PBXSourcesBuildPhase;
			buildActionMask = 2147483647;
			files = (
				1A423F141CB0840900AF4D3B /* RunCommand.swift in Sources */,
				1A423F181CB09E7900AF4D3B /* Result+Try.swift in Sources */,
				1A423F0D1CAF339400AF4D3B /* RemountCommand.swift in Sources */,
				1A2551651CAD2A9C00889001 /* InteractiveCommand.swift in Sources */,
				1A2551501CACFBEA00889001 /* VersionCommand.swift in Sources */,
				1A423F161CB0941400AF4D3B /* Options.swift in Sources */,
				1A2551611CAD220700889001 /* generated_data.swift in Sources */,
				1A452D971CA88431009E3F08 /* DupesDatabase+Operations.swift in Sources */,
				1A452D991CA8A636009E3F08 /* FileSize.swift in Sources */,
				1ABE01131CAEE12B00FCA10A /* ForkExecTask.m in Sources */,
				1A4EA56A1CAA528A006DC98D /* Readline+Sequence.swift in Sources */,
				1A6DEA4C1CA50DF3007F9FC2 /* Sequence+GroupBy.swift in Sources */,
				1A4EA57A1CAAE8F2006DC98D /* DupesError.swift in Sources */,
				1A692E5D1CA4E7B800D2D19F /* DupesDatabase.swift in Sources */,
				1A2551531CAD01E900889001 /* HashCommand.swift in Sources */,
				1A423F111CAFA7E300AF4D3B /* ExecCommand.swift in Sources */,
				1A692E211CA4C19B00D2D19F /* FileRecord.swift in Sources */,
				1A692E1A1CA4C18B00D2D19F /* main.swift in Sources */,
				1A25515B1CAD0D5C00889001 /* SummaryCommand.swift in Sources */,
				1A6DEA511CA52C61007F9FC2 /* Data+Hex.swift in Sources */,
				1A2551551CAD03EB00889001 /* RemoveCommand.swift in Sources */,
				1A4EA56E1CAA738F006DC98D /* AddCommand.swift in Sources */,
				1A2551591CAD072C00889001 /* ListCommand.swift in Sources */,
				1A2551571CAD049400889001 /* ReindexCommand.swift in Sources */,
				1A2551631CAD240800889001 /* TemporaryFile.swift in Sources */,
				1A423F1A1CB23BB700AF4D3B /* TerminalFuncs.swift in Sources */,
			);
			runOnlyForDeploymentPostprocessing = 0;
		};
/* End PBXSourcesBuildPhase section */

/* Begin XCBuildConfiguration section */
		1A692E1B1CA4C18B00D2D19F /* Debug */ = {
			isa = XCBuildConfiguration;
			buildSettings = {
				ALWAYS_SEARCH_USER_PATHS = NO;
				CLANG_ANALYZER_LOCALIZABILITY_NONLOCALIZED = YES;
				CLANG_ANALYZER_NONNULL = YES;
				CLANG_CXX_LANGUAGE_STANDARD = "gnu++0x";
				CLANG_CXX_LIBRARY = "libc++";
				CLANG_ENABLE_MODULES = YES;
				CLANG_ENABLE_OBJC_ARC = YES;
				CLANG_WARN_BLOCK_CAPTURE_AUTORELEASING = YES;
				CLANG_WARN_BOOL_CONVERSION = YES;
				CLANG_WARN_COMMA = YES;
				CLANG_WARN_CONSTANT_CONVERSION = YES;
				CLANG_WARN_DEPRECATED_OBJC_IMPLEMENTATIONS = YES;
				CLANG_WARN_DIRECT_OBJC_ISA_USAGE = YES_ERROR;
				CLANG_WARN_EMPTY_BODY = YES;
				CLANG_WARN_ENUM_CONVERSION = YES;
				CLANG_WARN_INFINITE_RECURSION = YES;
				CLANG_WARN_INT_CONVERSION = YES;
				CLANG_WARN_NON_LITERAL_NULL_CONVERSION = YES;
				CLANG_WARN_OBJC_IMPLICIT_RETAIN_SELF = YES;
				CLANG_WARN_OBJC_LITERAL_CONVERSION = YES;
				CLANG_WARN_OBJC_ROOT_CLASS = YES_ERROR;
				CLANG_WARN_QUOTED_INCLUDE_IN_FRAMEWORK_HEADER = YES;
				CLANG_WARN_RANGE_LOOP_ANALYSIS = YES;
				CLANG_WARN_STRICT_PROTOTYPES = YES;
				CLANG_WARN_SUSPICIOUS_MOVE = YES;
				CLANG_WARN_UNREACHABLE_CODE = YES;
				CLANG_WARN__DUPLICATE_METHOD_MATCH = YES;
				CODE_SIGN_IDENTITY = "-";
				COPY_PHASE_STRIP = NO;
				DEAD_CODE_STRIPPING = YES;
				DEBUG_INFORMATION_FORMAT = dwarf;
				ENABLE_STRICT_OBJC_MSGSEND = YES;
				ENABLE_TESTABILITY = YES;
				ENABLE_USER_SCRIPT_SANDBOXING = YES;
				GCC_C_LANGUAGE_STANDARD = gnu99;
				GCC_DYNAMIC_NO_PIC = NO;
				GCC_NO_COMMON_BLOCKS = YES;
				GCC_OPTIMIZATION_LEVEL = 0;
				GCC_PREPROCESSOR_DEFINITIONS = (
					"DEBUG=1",
					"$(inherited)",
				);
				GCC_WARN_64_TO_32_BIT_CONVERSION = YES;
				GCC_WARN_ABOUT_RETURN_TYPE = YES_ERROR;
				GCC_WARN_UNDECLARED_SELECTOR = YES;
				GCC_WARN_UNINITIALIZED_AUTOS = YES_AGGRESSIVE;
				GCC_WARN_UNUSED_FUNCTION = YES;
				GCC_WARN_UNUSED_VARIABLE = YES;
				MACOSX_DEPLOYMENT_TARGET = 13.5;
				MTL_ENABLE_DEBUG_INFO = YES;
				ONLY_ACTIVE_ARCH = YES;
				SDKROOT = macosx;
				SWIFT_OPTIMIZATION_LEVEL = "-Onone";
				SWIFT_VERSION = 5.0;
			};
			name = Debug;
		};
		1A692E1C1CA4C18B00D2D19F /* Release */ = {
			isa = XCBuildConfiguration;
			buildSettings = {
				ALWAYS_SEARCH_USER_PATHS = NO;
				CLANG_ANALYZER_LOCALIZABILITY_NONLOCALIZED = YES;
				CLANG_ANALYZER_NONNULL = YES;
				CLANG_CXX_LANGUAGE_STANDARD = "gnu++0x";
				CLANG_CXX_LIBRARY = "libc++";
				CLANG_ENABLE_MODULES = YES;
				CLANG_ENABLE_OBJC_ARC = YES;
				CLANG_WARN_BLOCK_CAPTURE_AUTORELEASING = YES;
				CLANG_WARN_BOOL_CONVERSION = YES;
				CLANG_WARN_COMMA = YES;
				CLANG_WARN_CONSTANT_CONVERSION = YES;
				CLANG_WARN_DEPRECATED_OBJC_IMPLEMENTATIONS = YES;
				CLANG_WARN_DIRECT_OBJC_ISA_USAGE = YES_ERROR;
				CLANG_WARN_EMPTY_BODY = YES;
				CLANG_WARN_ENUM_CONVERSION = YES;
				CLANG_WARN_INFINITE_RECURSION = YES;
				CLANG_WARN_INT_CONVERSION = YES;
				CLANG_WARN_NON_LITERAL_NULL_CONVERSION = YES;
				CLANG_WARN_OBJC_IMPLICIT_RETAIN_SELF = YES;
				CLANG_WARN_OBJC_LITERAL_CONVERSION = YES;
				CLANG_WARN_OBJC_ROOT_CLASS = YES_ERROR;
				CLANG_WARN_QUOTED_INCLUDE_IN_FRAMEWORK_HEADER = YES;
				CLANG_WARN_RANGE_LOOP_ANALYSIS = YES;
				CLANG_WARN_STRICT_PROTOTYPES = YES;
				CLANG_WARN_SUSPICIOUS_MOVE = YES;
				CLANG_WARN_UNREACHABLE_CODE = YES;
				CLANG_WARN__DUPLICATE_METHOD_MATCH = YES;
				CODE_SIGN_IDENTITY = "-";
				COPY_PHASE_STRIP = NO;
				DEAD_CODE_STRIPPING = YES;
				DEBUG_INFORMATION_FORMAT = "dwarf-with-dsym";
				ENABLE_NS_ASSERTIONS = NO;
				ENABLE_STRICT_OBJC_MSGSEND = YES;
				ENABLE_USER_SCRIPT_SANDBOXING = YES;
				GCC_C_LANGUAGE_STANDARD = gnu99;
				GCC_NO_COMMON_BLOCKS = YES;
				GCC_WARN_64_TO_32_BIT_CONVERSION = YES;
				GCC_WARN_ABOUT_RETURN_TYPE = YES_ERROR;
				GCC_WARN_UNDECLARED_SELECTOR = YES;
				GCC_WARN_UNINITIALIZED_AUTOS = YES_AGGRESSIVE;
				GCC_WARN_UNUSED_FUNCTION = YES;
				GCC_WARN_UNUSED_VARIABLE = YES;
				MACOSX_DEPLOYMENT_TARGET = 13.5;
				MTL_ENABLE_DEBUG_INFO = NO;
				SDKROOT = macosx;
				SWIFT_COMPILATION_MODE = wholemodule;
				SWIFT_VERSION = 5.0;
			};
			name = Release;
		};
		1A692E1E1CA4C18B00D2D19F /* Debug */ = {
			isa = XCBuildConfiguration;
			buildSettings = {
				DEAD_CODE_STRIPPING = YES;
				PRODUCT_NAME = "$(TARGET_NAME)";
				SWIFT_OBJC_BRIDGING_HEADER = "dupes/Dupes-Bridging-Header.h";
			};
			name = Debug;
		};
		1A692E1F1CA4C18B00D2D19F /* Release */ = {
			isa = XCBuildConfiguration;
			buildSettings = {
				DEAD_CODE_STRIPPING = YES;
				PRODUCT_NAME = "$(TARGET_NAME)";
				SWIFT_OBJC_BRIDGING_HEADER = "dupes/Dupes-Bridging-Header.h";
			};
			name = Release;
		};
/* End XCBuildConfiguration section */

/* Begin XCConfigurationList section */
		1A692E111CA4C18B00D2D19F /* Build configuration list for PBXProject "dupes" */ = {
			isa = XCConfigurationList;
			buildConfigurations = (
				1A692E1B1CA4C18B00D2D19F /* Debug */,
				1A692E1C1CA4C18B00D2D19F /* Release */,
			);
			defaultConfigurationIsVisible = 0;
			defaultConfigurationName = Release;
		};
		1A692E1D1CA4C18B00D2D19F /* Build configuration list for PBXNativeTarget "dupes" */ = {
			isa = XCConfigurationList;
			buildConfigurations = (
				1A692E1E1CA4C18B00D2D19F /* Debug */,
				1A692E1F1CA4C18B00D2D19F /* Release */,
			);
			defaultConfigurationIsVisible = 0;
			defaultConfigurationName = Release;
		};
/* End XCConfigurationList section */

/* Begin XCRemoteSwiftPackageReference section */
		0D5360BF27EACFB8006E7100 /* XCRemoteSwiftPackageReference "Commandant" */ = {
			isa = XCRemoteSwiftPackageReference;
			repositoryURL = "https://github.com/Carthage/Commandant.git";
			requirement = {
				kind = upToNextMajorVersion;
				minimumVersion = 0.9.0;
			};
		};
		0D5360C227EAD01C006E7100 /* XCRemoteSwiftPackageReference "PathKit" */ = {
			isa = XCRemoteSwiftPackageReference;
			repositoryURL = "https://github.com/kylef/PathKit.git";
			requirement = {
				kind = upToNextMajorVersion;
				minimumVersion = 1.0.0;
			};
		};
		0D5360C527EAD09F006E7100 /* XCRemoteSwiftPackageReference "SQLite.swift" */ = {
			isa = XCRemoteSwiftPackageReference;
			repositoryURL = "https://github.com/stephencelis/SQLite.swift.git";
			requirement = {
				kind = upToNextMajorVersion;
				minimumVersion = 0.9.2;
			};
		};
		0D5360C827EADC02006E7100 /* XCRemoteSwiftPackageReference "Result" */ = {
			isa = XCRemoteSwiftPackageReference;
			repositoryURL = "https://github.com/antitypical/Result.git";
			requirement = {
				kind = upToNextMajorVersion;
				minimumVersion = 5.0.0;
			};
		};
/* End XCRemoteSwiftPackageReference section */

/* Begin XCSwiftPackageProductDependency section */
		0D5360C027EACFB8006E7100 /* Commandant */ = {
			isa = XCSwiftPackageProductDependency;
			package = 0D5360BF27EACFB8006E7100 /* XCRemoteSwiftPackageReference "Commandant" */;
			productName = Commandant;
		};
		0D5360C327EAD01C006E7100 /* PathKit */ = {
			isa = XCSwiftPackageProductDependency;
			package = 0D5360C227EAD01C006E7100 /* XCRemoteSwiftPackageReference "PathKit" */;
			productName = PathKit;
		};
		0D5360C627EAD09F006E7100 /* SQLite */ = {
			isa = XCSwiftPackageProductDependency;
			package = 0D5360C527EAD09F006E7100 /* XCRemoteSwiftPackageReference "SQLite.swift" */;
			productName = SQLite;
		};
		0D5360C927EADC02006E7100 /* Result */ = {
			isa = XCSwiftPackageProductDependency;
			package = 0D5360C827EADC02006E7100 /* XCRemoteSwiftPackageReference "Result" */;
			productName = Result;
		};
/* End XCSwiftPackageProductDependency section */
	};
	rootObject = 1A692E0E1CA4C18B00D2D19F /* Project object */;
}
