// !$*UTF8*$!
{
	archiveVersion = 1;
	classes = {
	};
	objectVersion = 46;
	objects = {

/* Begin PBXBuildFile section */
		1A2551501CACFBEA00889001 /* VersionCommand.swift in Sources */ = {isa = PBXBuildFile; fileRef = 1A25514F1CACFBEA00889001 /* VersionCommand.swift */; };
		1A2551531CAD01E900889001 /* HashCommand.swift in Sources */ = {isa = PBXBuildFile; fileRef = 1A2551521CAD01E900889001 /* HashCommand.swift */; };
		1A2551551CAD03EB00889001 /* RemoveCommand.swift in Sources */ = {isa = PBXBuildFile; fileRef = 1A2551541CAD03EB00889001 /* RemoveCommand.swift */; };
		1A2551571CAD049400889001 /* ReindexCommand.swift in Sources */ = {isa = PBXBuildFile; fileRef = 1A2551561CAD049400889001 /* ReindexCommand.swift */; };
		1A2551591CAD072C00889001 /* ListCommand.swift in Sources */ = {isa = PBXBuildFile; fileRef = 1A2551581CAD072C00889001 /* ListCommand.swift */; };
		1A25515B1CAD0D5C00889001 /* SummaryCommand.swift in Sources */ = {isa = PBXBuildFile; fileRef = 1A25515A1CAD0D5C00889001 /* SummaryCommand.swift */; };
		1A452D971CA88431009E3F08 /* DupesDatabase+Operations.swift in Sources */ = {isa = PBXBuildFile; fileRef = 1A452D961CA88431009E3F08 /* DupesDatabase+Operations.swift */; };
		1A452D991CA8A636009E3F08 /* FileSize.swift in Sources */ = {isa = PBXBuildFile; fileRef = 1A452D981CA8A636009E3F08 /* FileSize.swift */; };
		1A4EA56A1CAA528A006DC98D /* Readline+Sequence.swift in Sources */ = {isa = PBXBuildFile; fileRef = 1A4EA5691CAA528A006DC98D /* Readline+Sequence.swift */; };
		1A4EA56E1CAA738F006DC98D /* AddCommand.swift in Sources */ = {isa = PBXBuildFile; fileRef = 1A4EA56D1CAA738F006DC98D /* AddCommand.swift */; };
		1A4EA56F1CAA747F006DC98D /* Argument.swift in Sources */ = {isa = PBXBuildFile; fileRef = 1A4EA55E1CAA4F49006DC98D /* Argument.swift */; };
		1A4EA5701CAA747F006DC98D /* ArgumentParser.swift in Sources */ = {isa = PBXBuildFile; fileRef = 1A4EA55F1CAA4F49006DC98D /* ArgumentParser.swift */; };
		1A4EA5711CAA747F006DC98D /* ArgumentType.swift in Sources */ = {isa = PBXBuildFile; fileRef = 1A4EA5601CAA4F49006DC98D /* ArgumentType.swift */; };
		1A4EA5721CAA747F006DC98D /* Command.swift in Sources */ = {isa = PBXBuildFile; fileRef = 1A4EA5611CAA4F49006DC98D /* Command.swift */; };
		1A4EA5731CAA747F006DC98D /* Errors.swift in Sources */ = {isa = PBXBuildFile; fileRef = 1A4EA5621CAA4F49006DC98D /* Errors.swift */; };
		1A4EA5741CAA747F006DC98D /* HelpCommand.swift in Sources */ = {isa = PBXBuildFile; fileRef = 1A4EA5631CAA4F49006DC98D /* HelpCommand.swift */; };
		1A4EA5751CAA747F006DC98D /* Option.swift in Sources */ = {isa = PBXBuildFile; fileRef = 1A4EA5641CAA4F49006DC98D /* Option.swift */; };
		1A4EA5761CAA747F006DC98D /* Switch.swift in Sources */ = {isa = PBXBuildFile; fileRef = 1A4EA5651CAA4F49006DC98D /* Switch.swift */; };
		1A4EA5771CAA7488006DC98D /* Result.swift in Sources */ = {isa = PBXBuildFile; fileRef = 1A4EA5671CAA4FC4006DC98D /* Result.swift */; };
		1A4EA5781CAA7488006DC98D /* ResultType.swift in Sources */ = {isa = PBXBuildFile; fileRef = 1A4EA5681CAA4FC4006DC98D /* ResultType.swift */; };
		1A4EA57A1CAAE8F2006DC98D /* DupesError.swift in Sources */ = {isa = PBXBuildFile; fileRef = 1A4EA5791CAAE8F2006DC98D /* DupesError.swift */; };
		1A692E1A1CA4C18B00D2D19F /* main.swift in Sources */ = {isa = PBXBuildFile; fileRef = 1A692E191CA4C18B00D2D19F /* main.swift */; };
		1A692E211CA4C19B00D2D19F /* FileRecord.swift in Sources */ = {isa = PBXBuildFile; fileRef = 1A692E201CA4C19B00D2D19F /* FileRecord.swift */; };
		1A692E241CA4DF9600D2D19F /* libsqlite3.tbd in Frameworks */ = {isa = PBXBuildFile; fileRef = 1A692E231CA4DF9600D2D19F /* libsqlite3.tbd */; };
		1A692E4A1CA4E67900D2D19F /* Blob.swift in Sources */ = {isa = PBXBuildFile; fileRef = 1A692E321CA4E67900D2D19F /* Blob.swift */; };
		1A692E4B1CA4E67900D2D19F /* Connection.swift in Sources */ = {isa = PBXBuildFile; fileRef = 1A692E331CA4E67900D2D19F /* Connection.swift */; };
		1A692E4D1CA4E67900D2D19F /* Statement.swift in Sources */ = {isa = PBXBuildFile; fileRef = 1A692E371CA4E67900D2D19F /* Statement.swift */; };
		1A692E4E1CA4E67900D2D19F /* Value.swift in Sources */ = {isa = PBXBuildFile; fileRef = 1A692E381CA4E67900D2D19F /* Value.swift */; };
		1A692E511CA4E67900D2D19F /* Foundation.swift in Sources */ = {isa = PBXBuildFile; fileRef = 1A692E3C1CA4E67900D2D19F /* Foundation.swift */; };
		1A692E521CA4E67900D2D19F /* Helpers.swift in Sources */ = {isa = PBXBuildFile; fileRef = 1A692E3D1CA4E67900D2D19F /* Helpers.swift */; };
		1A692E531CA4E67900D2D19F /* AggregateFunctions.swift in Sources */ = {isa = PBXBuildFile; fileRef = 1A692E411CA4E67900D2D19F /* AggregateFunctions.swift */; };
		1A692E541CA4E67900D2D19F /* Collation.swift in Sources */ = {isa = PBXBuildFile; fileRef = 1A692E421CA4E67900D2D19F /* Collation.swift */; };
		1A692E551CA4E67900D2D19F /* CoreFunctions.swift in Sources */ = {isa = PBXBuildFile; fileRef = 1A692E431CA4E67900D2D19F /* CoreFunctions.swift */; };
		1A692E561CA4E67900D2D19F /* CustomFunctions.swift in Sources */ = {isa = PBXBuildFile; fileRef = 1A692E441CA4E67900D2D19F /* CustomFunctions.swift */; };
		1A692E571CA4E67900D2D19F /* Expression.swift in Sources */ = {isa = PBXBuildFile; fileRef = 1A692E451CA4E67900D2D19F /* Expression.swift */; };
		1A692E581CA4E67900D2D19F /* Operators.swift in Sources */ = {isa = PBXBuildFile; fileRef = 1A692E461CA4E67900D2D19F /* Operators.swift */; };
		1A692E591CA4E67900D2D19F /* Query.swift in Sources */ = {isa = PBXBuildFile; fileRef = 1A692E471CA4E67900D2D19F /* Query.swift */; };
		1A692E5A1CA4E67900D2D19F /* Schema.swift in Sources */ = {isa = PBXBuildFile; fileRef = 1A692E481CA4E67900D2D19F /* Schema.swift */; };
		1A692E5B1CA4E67900D2D19F /* Setter.swift in Sources */ = {isa = PBXBuildFile; fileRef = 1A692E491CA4E67900D2D19F /* Setter.swift */; };
		1A692E5D1CA4E7B800D2D19F /* DupesDatabase.swift in Sources */ = {isa = PBXBuildFile; fileRef = 1A692E5C1CA4E7B800D2D19F /* DupesDatabase.swift */; };
		1A6DEA4C1CA50DF3007F9FC2 /* Sequence+GroupBy.swift in Sources */ = {isa = PBXBuildFile; fileRef = 1A6DEA4B1CA50DF3007F9FC2 /* Sequence+GroupBy.swift */; };
		1A6DEA4F1CA51583007F9FC2 /* PathKit.swift in Sources */ = {isa = PBXBuildFile; fileRef = 1A6DEA4E1CA514E4007F9FC2 /* PathKit.swift */; };
		1A6DEA511CA52C61007F9FC2 /* NSData+Hex.swift in Sources */ = {isa = PBXBuildFile; fileRef = 1A6DEA501CA52C61007F9FC2 /* NSData+Hex.swift */; };
/* End PBXBuildFile section */

/* Begin PBXCopyFilesBuildPhase section */
		1A692E141CA4C18B00D2D19F /* CopyFiles */ = {
			isa = PBXCopyFilesBuildPhase;
			buildActionMask = 2147483647;
			dstPath = /usr/share/man/man1/;
			dstSubfolderSpec = 0;
			files = (
			);
			runOnlyForDeploymentPostprocessing = 1;
		};
/* End PBXCopyFilesBuildPhase section */

/* Begin PBXFileReference section */
		1A25514F1CACFBEA00889001 /* VersionCommand.swift */ = {isa = PBXFileReference; fileEncoding = 4; lastKnownFileType = sourcecode.swift; path = VersionCommand.swift; sourceTree = "<group>"; };
		1A2551521CAD01E900889001 /* HashCommand.swift */ = {isa = PBXFileReference; fileEncoding = 4; lastKnownFileType = sourcecode.swift; path = HashCommand.swift; sourceTree = "<group>"; };
		1A2551541CAD03EB00889001 /* RemoveCommand.swift */ = {isa = PBXFileReference; fileEncoding = 4; lastKnownFileType = sourcecode.swift; path = RemoveCommand.swift; sourceTree = "<group>"; };
		1A2551561CAD049400889001 /* ReindexCommand.swift */ = {isa = PBXFileReference; fileEncoding = 4; lastKnownFileType = sourcecode.swift; path = ReindexCommand.swift; sourceTree = "<group>"; };
		1A2551581CAD072C00889001 /* ListCommand.swift */ = {isa = PBXFileReference; fileEncoding = 4; lastKnownFileType = sourcecode.swift; path = ListCommand.swift; sourceTree = "<group>"; };
		1A25515A1CAD0D5C00889001 /* SummaryCommand.swift */ = {isa = PBXFileReference; fileEncoding = 4; lastKnownFileType = sourcecode.swift; path = SummaryCommand.swift; sourceTree = "<group>"; };
		1A452D961CA88431009E3F08 /* DupesDatabase+Operations.swift */ = {isa = PBXFileReference; fileEncoding = 4; lastKnownFileType = sourcecode.swift; path = "DupesDatabase+Operations.swift"; sourceTree = "<group>"; };
		1A452D981CA8A636009E3F08 /* FileSize.swift */ = {isa = PBXFileReference; fileEncoding = 4; lastKnownFileType = sourcecode.swift; path = FileSize.swift; sourceTree = "<group>"; };
		1A4EA55E1CAA4F49006DC98D /* Argument.swift */ = {isa = PBXFileReference; lastKnownFileType = sourcecode.swift; path = Argument.swift; sourceTree = "<group>"; };
		1A4EA55F1CAA4F49006DC98D /* ArgumentParser.swift */ = {isa = PBXFileReference; lastKnownFileType = sourcecode.swift; path = ArgumentParser.swift; sourceTree = "<group>"; };
		1A4EA5601CAA4F49006DC98D /* ArgumentType.swift */ = {isa = PBXFileReference; lastKnownFileType = sourcecode.swift; path = ArgumentType.swift; sourceTree = "<group>"; };
		1A4EA5611CAA4F49006DC98D /* Command.swift */ = {isa = PBXFileReference; lastKnownFileType = sourcecode.swift; path = Command.swift; sourceTree = "<group>"; };
		1A4EA5621CAA4F49006DC98D /* Errors.swift */ = {isa = PBXFileReference; lastKnownFileType = sourcecode.swift; path = Errors.swift; sourceTree = "<group>"; };
		1A4EA5631CAA4F49006DC98D /* HelpCommand.swift */ = {isa = PBXFileReference; lastKnownFileType = sourcecode.swift; path = HelpCommand.swift; sourceTree = "<group>"; };
		1A4EA5641CAA4F49006DC98D /* Option.swift */ = {isa = PBXFileReference; lastKnownFileType = sourcecode.swift; path = Option.swift; sourceTree = "<group>"; };
		1A4EA5651CAA4F49006DC98D /* Switch.swift */ = {isa = PBXFileReference; lastKnownFileType = sourcecode.swift; path = Switch.swift; sourceTree = "<group>"; };
		1A4EA5671CAA4FC4006DC98D /* Result.swift */ = {isa = PBXFileReference; lastKnownFileType = sourcecode.swift; path = Result.swift; sourceTree = "<group>"; };
		1A4EA5681CAA4FC4006DC98D /* ResultType.swift */ = {isa = PBXFileReference; lastKnownFileType = sourcecode.swift; path = ResultType.swift; sourceTree = "<group>"; };
		1A4EA5691CAA528A006DC98D /* Readline+Sequence.swift */ = {isa = PBXFileReference; fileEncoding = 4; lastKnownFileType = sourcecode.swift; path = "Readline+Sequence.swift"; sourceTree = "<group>"; };
		1A4EA56D1CAA738F006DC98D /* AddCommand.swift */ = {isa = PBXFileReference; fileEncoding = 4; lastKnownFileType = sourcecode.swift; path = AddCommand.swift; sourceTree = "<group>"; };
		1A4EA5791CAAE8F2006DC98D /* DupesError.swift */ = {isa = PBXFileReference; fileEncoding = 4; lastKnownFileType = sourcecode.swift; path = DupesError.swift; sourceTree = "<group>"; };
		1A692E161CA4C18B00D2D19F /* dupes */ = {isa = PBXFileReference; explicitFileType = "compiled.mach-o.executable"; includeInIndex = 0; path = dupes; sourceTree = BUILT_PRODUCTS_DIR; };
		1A692E191CA4C18B00D2D19F /* main.swift */ = {isa = PBXFileReference; lastKnownFileType = sourcecode.swift; path = main.swift; sourceTree = "<group>"; };
		1A692E201CA4C19B00D2D19F /* FileRecord.swift */ = {isa = PBXFileReference; fileEncoding = 4; lastKnownFileType = sourcecode.swift; path = FileRecord.swift; sourceTree = "<group>"; };
		1A692E221CA4DEBA00D2D19F /* Dupes-Bridging-Header.h */ = {isa = PBXFileReference; lastKnownFileType = sourcecode.c.h; path = "Dupes-Bridging-Header.h"; sourceTree = "<group>"; };
		1A692E231CA4DF9600D2D19F /* libsqlite3.tbd */ = {isa = PBXFileReference; lastKnownFileType = "sourcecode.text-based-dylib-definition"; name = libsqlite3.tbd; path = usr/lib/libsqlite3.tbd; sourceTree = SDKROOT; };
		1A692E321CA4E67900D2D19F /* Blob.swift */ = {isa = PBXFileReference; fileEncoding = 4; lastKnownFileType = sourcecode.swift; path = Blob.swift; sourceTree = "<group>"; };
		1A692E331CA4E67900D2D19F /* Connection.swift */ = {isa = PBXFileReference; fileEncoding = 4; lastKnownFileType = sourcecode.swift; path = Connection.swift; sourceTree = "<group>"; };
		1A692E371CA4E67900D2D19F /* Statement.swift */ = {isa = PBXFileReference; fileEncoding = 4; lastKnownFileType = sourcecode.swift; path = Statement.swift; sourceTree = "<group>"; };
		1A692E381CA4E67900D2D19F /* Value.swift */ = {isa = PBXFileReference; fileEncoding = 4; lastKnownFileType = sourcecode.swift; path = Value.swift; sourceTree = "<group>"; };
		1A692E3C1CA4E67900D2D19F /* Foundation.swift */ = {isa = PBXFileReference; fileEncoding = 4; lastKnownFileType = sourcecode.swift; path = Foundation.swift; sourceTree = "<group>"; };
		1A692E3D1CA4E67900D2D19F /* Helpers.swift */ = {isa = PBXFileReference; fileEncoding = 4; lastKnownFileType = sourcecode.swift; path = Helpers.swift; sourceTree = "<group>"; };
		1A692E3F1CA4E67900D2D19F /* SQLite.h */ = {isa = PBXFileReference; fileEncoding = 4; lastKnownFileType = sourcecode.c.h; path = SQLite.h; sourceTree = "<group>"; };
		1A692E411CA4E67900D2D19F /* AggregateFunctions.swift */ = {isa = PBXFileReference; fileEncoding = 4; lastKnownFileType = sourcecode.swift; path = AggregateFunctions.swift; sourceTree = "<group>"; };
		1A692E421CA4E67900D2D19F /* Collation.swift */ = {isa = PBXFileReference; fileEncoding = 4; lastKnownFileType = sourcecode.swift; path = Collation.swift; sourceTree = "<group>"; };
		1A692E431CA4E67900D2D19F /* CoreFunctions.swift */ = {isa = PBXFileReference; fileEncoding = 4; lastKnownFileType = sourcecode.swift; path = CoreFunctions.swift; sourceTree = "<group>"; };
		1A692E441CA4E67900D2D19F /* CustomFunctions.swift */ = {isa = PBXFileReference; fileEncoding = 4; lastKnownFileType = sourcecode.swift; path = CustomFunctions.swift; sourceTree = "<group>"; };
		1A692E451CA4E67900D2D19F /* Expression.swift */ = {isa = PBXFileReference; fileEncoding = 4; lastKnownFileType = sourcecode.swift; path = Expression.swift; sourceTree = "<group>"; };
		1A692E461CA4E67900D2D19F /* Operators.swift */ = {isa = PBXFileReference; fileEncoding = 4; lastKnownFileType = sourcecode.swift; path = Operators.swift; sourceTree = "<group>"; };
		1A692E471CA4E67900D2D19F /* Query.swift */ = {isa = PBXFileReference; fileEncoding = 4; lastKnownFileType = sourcecode.swift; path = Query.swift; sourceTree = "<group>"; };
		1A692E481CA4E67900D2D19F /* Schema.swift */ = {isa = PBXFileReference; fileEncoding = 4; lastKnownFileType = sourcecode.swift; path = Schema.swift; sourceTree = "<group>"; };
		1A692E491CA4E67900D2D19F /* Setter.swift */ = {isa = PBXFileReference; fileEncoding = 4; lastKnownFileType = sourcecode.swift; path = Setter.swift; sourceTree = "<group>"; };
		1A692E5C1CA4E7B800D2D19F /* DupesDatabase.swift */ = {isa = PBXFileReference; fileEncoding = 4; lastKnownFileType = sourcecode.swift; path = DupesDatabase.swift; sourceTree = "<group>"; };
		1A6DEA4B1CA50DF3007F9FC2 /* Sequence+GroupBy.swift */ = {isa = PBXFileReference; fileEncoding = 4; lastKnownFileType = sourcecode.swift; path = "Sequence+GroupBy.swift"; sourceTree = "<group>"; };
		1A6DEA4E1CA514E4007F9FC2 /* PathKit.swift */ = {isa = PBXFileReference; lastKnownFileType = sourcecode.swift; path = PathKit.swift; sourceTree = "<group>"; };
		1A6DEA501CA52C61007F9FC2 /* NSData+Hex.swift */ = {isa = PBXFileReference; fileEncoding = 4; lastKnownFileType = sourcecode.swift; path = "NSData+Hex.swift"; sourceTree = "<group>"; };
/* End PBXFileReference section */

/* Begin PBXFrameworksBuildPhase section */
		1A692E131CA4C18B00D2D19F /* Frameworks */ = {
			isa = PBXFrameworksBuildPhase;
			buildActionMask = 2147483647;
			files = (
				1A692E241CA4DF9600D2D19F /* libsqlite3.tbd in Frameworks */,
			);
			runOnlyForDeploymentPostprocessing = 0;
		};
/* End PBXFrameworksBuildPhase section */

/* Begin PBXGroup section */
		1A4EA55D1CAA4F49006DC98D /* Commandant */ = {
			isa = PBXGroup;
			children = (
				1A4EA55E1CAA4F49006DC98D /* Argument.swift */,
				1A4EA55F1CAA4F49006DC98D /* ArgumentParser.swift */,
				1A4EA5601CAA4F49006DC98D /* ArgumentType.swift */,
				1A4EA5611CAA4F49006DC98D /* Command.swift */,
				1A4EA5621CAA4F49006DC98D /* Errors.swift */,
				1A4EA5631CAA4F49006DC98D /* HelpCommand.swift */,
				1A4EA5641CAA4F49006DC98D /* Option.swift */,
				1A4EA5651CAA4F49006DC98D /* Switch.swift */,
			);
			path = Commandant;
			sourceTree = "<group>";
		};
		1A4EA5661CAA4FC4006DC98D /* Result */ = {
			isa = PBXGroup;
			children = (
				1A4EA5671CAA4FC4006DC98D /* Result.swift */,
				1A4EA5681CAA4FC4006DC98D /* ResultType.swift */,
			);
			path = Result;
			sourceTree = "<group>";
		};
		1A4EA56B1CAA7365006DC98D /* Commands */ = {
			isa = PBXGroup;
			children = (
				1A4EA56D1CAA738F006DC98D /* AddCommand.swift */,
				1A2551521CAD01E900889001 /* HashCommand.swift */,
				1A2551581CAD072C00889001 /* ListCommand.swift */,
				1A2551561CAD049400889001 /* ReindexCommand.swift */,
				1A2551541CAD03EB00889001 /* RemoveCommand.swift */,
				1A25515A1CAD0D5C00889001 /* SummaryCommand.swift */,
				1A25514F1CACFBEA00889001 /* VersionCommand.swift */,
			);
			name = Commands;
			sourceTree = "<group>";
		};
		1A4EA56C1CAA7371006DC98D /* Libraries */ = {
			isa = PBXGroup;
			children = (
				1A4EA55D1CAA4F49006DC98D /* Commandant */,
				1A6DEA4D1CA514E4007F9FC2 /* PathKit */,
				1A4EA5661CAA4FC4006DC98D /* Result */,
				1A692E301CA4E67900D2D19F /* SQLite */,
			);
			name = Libraries;
			sourceTree = "<group>";
		};
		1A692E0D1CA4C18B00D2D19F = {
			isa = PBXGroup;
			children = (
				1A692E231CA4DF9600D2D19F /* libsqlite3.tbd */,
				1A692E181CA4C18B00D2D19F /* dupes */,
				1A692E171CA4C18B00D2D19F /* Products */,
			);
			sourceTree = "<group>";
		};
		1A692E171CA4C18B00D2D19F /* Products */ = {
			isa = PBXGroup;
			children = (
				1A692E161CA4C18B00D2D19F /* dupes */,
			);
			name = Products;
			sourceTree = "<group>";
		};
		1A692E181CA4C18B00D2D19F /* dupes */ = {
			isa = PBXGroup;
			children = (
				1A4EA56C1CAA7371006DC98D /* Libraries */,
				1A4EA56B1CAA7365006DC98D /* Commands */,
				1A692E221CA4DEBA00D2D19F /* Dupes-Bridging-Header.h */,
				1A692E191CA4C18B00D2D19F /* main.swift */,
				1A692E201CA4C19B00D2D19F /* FileRecord.swift */,
				1A692E5C1CA4E7B800D2D19F /* DupesDatabase.swift */,
				1A6DEA4B1CA50DF3007F9FC2 /* Sequence+GroupBy.swift */,
				1A6DEA501CA52C61007F9FC2 /* NSData+Hex.swift */,
				1A452D961CA88431009E3F08 /* DupesDatabase+Operations.swift */,
				1A452D981CA8A636009E3F08 /* FileSize.swift */,
				1A4EA5691CAA528A006DC98D /* Readline+Sequence.swift */,
				1A4EA5791CAAE8F2006DC98D /* DupesError.swift */,
			);
			path = dupes;
			sourceTree = "<group>";
		};
		1A692E301CA4E67900D2D19F /* SQLite */ = {
			isa = PBXGroup;
			children = (
				1A692E311CA4E67900D2D19F /* Core */,
				1A692E3C1CA4E67900D2D19F /* Foundation.swift */,
				1A692E3D1CA4E67900D2D19F /* Helpers.swift */,
				1A692E3F1CA4E67900D2D19F /* SQLite.h */,
				1A692E401CA4E67900D2D19F /* Typed */,
			);
			path = SQLite;
			sourceTree = "<group>";
		};
		1A692E311CA4E67900D2D19F /* Core */ = {
			isa = PBXGroup;
			children = (
				1A692E321CA4E67900D2D19F /* Blob.swift */,
				1A692E331CA4E67900D2D19F /* Connection.swift */,
				1A692E371CA4E67900D2D19F /* Statement.swift */,
				1A692E381CA4E67900D2D19F /* Value.swift */,
			);
			path = Core;
			sourceTree = "<group>";
		};
		1A692E401CA4E67900D2D19F /* Typed */ = {
			isa = PBXGroup;
			children = (
				1A692E411CA4E67900D2D19F /* AggregateFunctions.swift */,
				1A692E421CA4E67900D2D19F /* Collation.swift */,
				1A692E431CA4E67900D2D19F /* CoreFunctions.swift */,
				1A692E441CA4E67900D2D19F /* CustomFunctions.swift */,
				1A692E451CA4E67900D2D19F /* Expression.swift */,
				1A692E461CA4E67900D2D19F /* Operators.swift */,
				1A692E471CA4E67900D2D19F /* Query.swift */,
				1A692E481CA4E67900D2D19F /* Schema.swift */,
				1A692E491CA4E67900D2D19F /* Setter.swift */,
			);
			path = Typed;
			sourceTree = "<group>";
		};
		1A6DEA4D1CA514E4007F9FC2 /* PathKit */ = {
			isa = PBXGroup;
			children = (
				1A6DEA4E1CA514E4007F9FC2 /* PathKit.swift */,
			);
			path = PathKit;
			sourceTree = "<group>";
		};
/* End PBXGroup section */

/* Begin PBXNativeTarget section */
		1A692E151CA4C18B00D2D19F /* dupes */ = {
			isa = PBXNativeTarget;
			buildConfigurationList = 1A692E1D1CA4C18B00D2D19F /* Build configuration list for PBXNativeTarget "dupes" */;
			buildPhases = (
				1A692E121CA4C18B00D2D19F /* Sources */,
				1A692E131CA4C18B00D2D19F /* Frameworks */,
				1A692E141CA4C18B00D2D19F /* CopyFiles */,
			);
			buildRules = (
			);
			dependencies = (
			);
			name = dupes;
			productName = dupes;
			productReference = 1A692E161CA4C18B00D2D19F /* dupes */;
			productType = "com.apple.product-type.tool";
		};
/* End PBXNativeTarget section */

/* Begin PBXProject section */
		1A692E0E1CA4C18B00D2D19F /* Project object */ = {
			isa = PBXProject;
			attributes = {
				LastSwiftUpdateCheck = 0730;
				LastUpgradeCheck = 0730;
				ORGANIZATIONNAME = "James Lawton";
				TargetAttributes = {
					1A692E151CA4C18B00D2D19F = {
						CreatedOnToolsVersion = 7.3;
					};
				};
			};
			buildConfigurationList = 1A692E111CA4C18B00D2D19F /* Build configuration list for PBXProject "dupes" */;
			compatibilityVersion = "Xcode 3.2";
			developmentRegion = English;
			hasScannedForEncodings = 0;
			knownRegions = (
				en,
			);
			mainGroup = 1A692E0D1CA4C18B00D2D19F;
			productRefGroup = 1A692E171CA4C18B00D2D19F /* Products */;
			projectDirPath = "";
			projectRoot = "";
			targets = (
				1A692E151CA4C18B00D2D19F /* dupes */,
			);
		};
/* End PBXProject section */

/* Begin PBXSourcesBuildPhase section */
		1A692E121CA4C18B00D2D19F /* Sources */ = {
			isa = PBXSourcesBuildPhase;
			buildActionMask = 2147483647;
			files = (
				1A4EA5781CAA7488006DC98D /* ResultType.swift in Sources */,
				1A4EA5751CAA747F006DC98D /* Option.swift in Sources */,
				1A4EA56F1CAA747F006DC98D /* Argument.swift in Sources */,
				1A692E4D1CA4E67900D2D19F /* Statement.swift in Sources */,
				1A4EA5761CAA747F006DC98D /* Switch.swift in Sources */,
				1A692E571CA4E67900D2D19F /* Expression.swift in Sources */,
				1A692E531CA4E67900D2D19F /* AggregateFunctions.swift in Sources */,
				1A692E4A1CA4E67900D2D19F /* Blob.swift in Sources */,
				1A4EA5701CAA747F006DC98D /* ArgumentParser.swift in Sources */,
				1A2551501CACFBEA00889001 /* VersionCommand.swift in Sources */,
				1A4EA5741CAA747F006DC98D /* HelpCommand.swift in Sources */,
				1A4EA5711CAA747F006DC98D /* ArgumentType.swift in Sources */,
				1A692E5A1CA4E67900D2D19F /* Schema.swift in Sources */,
				1A692E561CA4E67900D2D19F /* CustomFunctions.swift in Sources */,
				1A692E4E1CA4E67900D2D19F /* Value.swift in Sources */,
				1A692E5B1CA4E67900D2D19F /* Setter.swift in Sources */,
				1A4EA5771CAA7488006DC98D /* Result.swift in Sources */,
				1A452D971CA88431009E3F08 /* DupesDatabase+Operations.swift in Sources */,
				1A452D991CA8A636009E3F08 /* FileSize.swift in Sources */,
				1A4EA56A1CAA528A006DC98D /* Readline+Sequence.swift in Sources */,
				1A6DEA4C1CA50DF3007F9FC2 /* Sequence+GroupBy.swift in Sources */,
				1A692E4B1CA4E67900D2D19F /* Connection.swift in Sources */,
				1A4EA5731CAA747F006DC98D /* Errors.swift in Sources */,
				1A4EA57A1CAAE8F2006DC98D /* DupesError.swift in Sources */,
				1A692E591CA4E67900D2D19F /* Query.swift in Sources */,
				1A692E5D1CA4E7B800D2D19F /* DupesDatabase.swift in Sources */,
				1A692E551CA4E67900D2D19F /* CoreFunctions.swift in Sources */,
				1A2551531CAD01E900889001 /* HashCommand.swift in Sources */,
				1A4EA5721CAA747F006DC98D /* Command.swift in Sources */,
				1A692E211CA4C19B00D2D19F /* FileRecord.swift in Sources */,
				1A692E1A1CA4C18B00D2D19F /* main.swift in Sources */,
				1A25515B1CAD0D5C00889001 /* SummaryCommand.swift in Sources */,
				1A692E521CA4E67900D2D19F /* Helpers.swift in Sources */,
				1A6DEA511CA52C61007F9FC2 /* NSData+Hex.swift in Sources */,
				1A2551551CAD03EB00889001 /* RemoveCommand.swift in Sources */,
				1A4EA56E1CAA738F006DC98D /* AddCommand.swift in Sources */,
				1A692E541CA4E67900D2D19F /* Collation.swift in Sources */,
				1A2551591CAD072C00889001 /* ListCommand.swift in Sources */,
				1A6DEA4F1CA51583007F9FC2 /* PathKit.swift in Sources */,
				1A2551571CAD049400889001 /* ReindexCommand.swift in Sources */,
				1A692E511CA4E67900D2D19F /* Foundation.swift in Sources */,
				1A692E581CA4E67900D2D19F /* Operators.swift in Sources */,
			);
			runOnlyForDeploymentPostprocessing = 0;
		};
/* End PBXSourcesBuildPhase section */

/* Begin XCBuildConfiguration section */
		1A692E1B1CA4C18B00D2D19F /* Debug */ = {
			isa = XCBuildConfiguration;
			buildSettings = {
				ALWAYS_SEARCH_USER_PATHS = NO;
				CLANG_ANALYZER_NONNULL = YES;
				CLANG_CXX_LANGUAGE_STANDARD = "gnu++0x";
				CLANG_CXX_LIBRARY = "libc++";
				CLANG_ENABLE_MODULES = YES;
				CLANG_ENABLE_OBJC_ARC = YES;
				CLANG_WARN_BOOL_CONVERSION = YES;
				CLANG_WARN_CONSTANT_CONVERSION = YES;
				CLANG_WARN_DIRECT_OBJC_ISA_USAGE = YES_ERROR;
				CLANG_WARN_EMPTY_BODY = YES;
				CLANG_WARN_ENUM_CONVERSION = YES;
				CLANG_WARN_INT_CONVERSION = YES;
				CLANG_WARN_OBJC_ROOT_CLASS = YES_ERROR;
				CLANG_WARN_UNREACHABLE_CODE = YES;
				CLANG_WARN__DUPLICATE_METHOD_MATCH = YES;
				CODE_SIGN_IDENTITY = "-";
				COPY_PHASE_STRIP = NO;
				DEBUG_INFORMATION_FORMAT = dwarf;
				ENABLE_STRICT_OBJC_MSGSEND = YES;
				ENABLE_TESTABILITY = YES;
				GCC_C_LANGUAGE_STANDARD = gnu99;
				GCC_DYNAMIC_NO_PIC = NO;
				GCC_NO_COMMON_BLOCKS = YES;
				GCC_OPTIMIZATION_LEVEL = 0;
				GCC_PREPROCESSOR_DEFINITIONS = (
					"DEBUG=1",
					"$(inherited)",
				);
				GCC_WARN_64_TO_32_BIT_CONVERSION = YES;
				GCC_WARN_ABOUT_RETURN_TYPE = YES_ERROR;
				GCC_WARN_UNDECLARED_SELECTOR = YES;
				GCC_WARN_UNINITIALIZED_AUTOS = YES_AGGRESSIVE;
				GCC_WARN_UNUSED_FUNCTION = YES;
				GCC_WARN_UNUSED_VARIABLE = YES;
				MACOSX_DEPLOYMENT_TARGET = 10.11;
				MTL_ENABLE_DEBUG_INFO = YES;
				ONLY_ACTIVE_ARCH = YES;
				SDKROOT = macosx;
				SWIFT_OPTIMIZATION_LEVEL = "-Onone";
			};
			name = Debug;
		};
		1A692E1C1CA4C18B00D2D19F /* Release */ = {
			isa = XCBuildConfiguration;
			buildSettings = {
				ALWAYS_SEARCH_USER_PATHS = NO;
				CLANG_ANALYZER_NONNULL = YES;
				CLANG_CXX_LANGUAGE_STANDARD = "gnu++0x";
				CLANG_CXX_LIBRARY = "libc++";
				CLANG_ENABLE_MODULES = YES;
				CLANG_ENABLE_OBJC_ARC = YES;
				CLANG_WARN_BOOL_CONVERSION = YES;
				CLANG_WARN_CONSTANT_CONVERSION = YES;
				CLANG_WARN_DIRECT_OBJC_ISA_USAGE = YES_ERROR;
				CLANG_WARN_EMPTY_BODY = YES;
				CLANG_WARN_ENUM_CONVERSION = YES;
				CLANG_WARN_INT_CONVERSION = YES;
				CLANG_WARN_OBJC_ROOT_CLASS = YES_ERROR;
				CLANG_WARN_UNREACHABLE_CODE = YES;
				CLANG_WARN__DUPLICATE_METHOD_MATCH = YES;
				CODE_SIGN_IDENTITY = "-";
				COPY_PHASE_STRIP = NO;
				DEBUG_INFORMATION_FORMAT = "dwarf-with-dsym";
				ENABLE_NS_ASSERTIONS = NO;
				ENABLE_STRICT_OBJC_MSGSEND = YES;
				GCC_C_LANGUAGE_STANDARD = gnu99;
				GCC_NO_COMMON_BLOCKS = YES;
				GCC_WARN_64_TO_32_BIT_CONVERSION = YES;
				GCC_WARN_ABOUT_RETURN_TYPE = YES_ERROR;
				GCC_WARN_UNDECLARED_SELECTOR = YES;
				GCC_WARN_UNINITIALIZED_AUTOS = YES_AGGRESSIVE;
				GCC_WARN_UNUSED_FUNCTION = YES;
				GCC_WARN_UNUSED_VARIABLE = YES;
				MACOSX_DEPLOYMENT_TARGET = 10.11;
				MTL_ENABLE_DEBUG_INFO = NO;
				SDKROOT = macosx;
			};
			name = Release;
		};
		1A692E1E1CA4C18B00D2D19F /* Debug */ = {
			isa = XCBuildConfiguration;
			buildSettings = {
				PRODUCT_NAME = "$(TARGET_NAME)";
				SWIFT_OBJC_BRIDGING_HEADER = "dupes/Dupes-Bridging-Header.h";
			};
			name = Debug;
		};
		1A692E1F1CA4C18B00D2D19F /* Release */ = {
			isa = XCBuildConfiguration;
			buildSettings = {
				PRODUCT_NAME = "$(TARGET_NAME)";
				SWIFT_OBJC_BRIDGING_HEADER = "dupes/Dupes-Bridging-Header.h";
			};
			name = Release;
		};
/* End XCBuildConfiguration section */

/* Begin XCConfigurationList section */
		1A692E111CA4C18B00D2D19F /* Build configuration list for PBXProject "dupes" */ = {
			isa = XCConfigurationList;
			buildConfigurations = (
				1A692E1B1CA4C18B00D2D19F /* Debug */,
				1A692E1C1CA4C18B00D2D19F /* Release */,
			);
			defaultConfigurationIsVisible = 0;
			defaultConfigurationName = Release;
		};
		1A692E1D1CA4C18B00D2D19F /* Build configuration list for PBXNativeTarget "dupes" */ = {
			isa = XCConfigurationList;
			buildConfigurations = (
				1A692E1E1CA4C18B00D2D19F /* Debug */,
				1A692E1F1CA4C18B00D2D19F /* Release */,
			);
			defaultConfigurationIsVisible = 0;
			defaultConfigurationName = Release;
		};
/* End XCConfigurationList section */
	};
	rootObject = 1A692E0E1CA4C18B00D2D19F /* Project object */;
}
